
Microsoft Visual Studio Solution File, Format Version 12.00
Project("{FAE04EC0-301F-11D3-BF4B-00C04F79EFBC}") = "Core", "Src\Core\Core.csproj", "{FA321081-AAAB-410E-9984-31541C1FB5CC}"
EndProject
Project("{FAE04EC0-301F-11D3-BF4B-00C04F79EFBC}") = "HyperI", "Src\Driver\HyperI\HyperI.csproj", "{20AE2925-4E14-42E0-AB9F-5284448E6D13}"
EndProject
Project("{FAE04EC0-301F-11D3-BF4B-00C04F79EFBC}") = "Hyper.Test", "Src\Hyper.Test\Hyper.Test.csproj", "{FDCF5AF4-C2A5-4E56-8CD6-E352D9B782CA}"
EndProject
Project("{FAE04EC0-301F-11D3-BF4B-00C04F79EFBC}") = "HyperC", "Src\Driver\HyperC\HyperC.csproj", "{6E77804E-8057-4AB4-90E4-C5715A7DE4EE}"
EndProject
Global
	GlobalSection(SolutionConfigurationPlatforms) = preSolution
		Debug|Any CPU = Debug|Any CPU
		Release|Any CPU = Release|Any CPU
	EndGlobalSection
	GlobalSection(ProjectConfigurationPlatforms) = postSolution
		{3F1F5EC3-443B-480F-B9EB-6F37B42C75A3}.Debug|Any CPU.ActiveCfg = Debug|Any CPU
		{3F1F5EC3-443B-480F-B9EB-6F37B42C75A3}.Debug|Any CPU.Build.0 = Debug|Any CPU
		{3F1F5EC3-443B-480F-B9EB-6F37B42C75A3}.Release|Any CPU.ActiveCfg = Release|Any CPU
		{3F1F5EC3-443B-480F-B9EB-6F37B42C75A3}.Release|Any CPU.Build.0 = Release|Any CPU
		{FA321081-AAAB-410E-9984-31541C1FB5CC}.Debug|Any CPU.ActiveCfg = Debug|Any CPU
		{FA321081-AAAB-410E-9984-31541C1FB5CC}.Debug|Any CPU.Build.0 = Debug|Any CPU
		{FA321081-AAAB-410E-9984-31541C1FB5CC}.Release|Any CPU.ActiveCfg = Release|Any CPU
		{FA321081-AAAB-410E-9984-31541C1FB5CC}.Release|Any CPU.Build.0 = Release|Any CPU
		{20AE2925-4E14-42E0-AB9F-5284448E6D13}.Debug|Any CPU.ActiveCfg = Debug|Any CPU
		{20AE2925-4E14-42E0-AB9F-5284448E6D13}.Debug|Any CPU.Build.0 = Debug|Any CPU
		{20AE2925-4E14-42E0-AB9F-5284448E6D13}.Release|Any CPU.ActiveCfg = Release|Any CPU
		{20AE2925-4E14-42E0-AB9F-5284448E6D13}.Release|Any CPU.Build.0 = Release|Any CPU
		{FDCF5AF4-C2A5-4E56-8CD6-E352D9B782CA}.Debug|Any CPU.ActiveCfg = Debug|Any CPU
		{FDCF5AF4-C2A5-4E56-8CD6-E352D9B782CA}.Debug|Any CPU.Build.0 = Debug|Any CPU
		{FDCF5AF4-C2A5-4E56-8CD6-E352D9B782CA}.Release|Any CPU.ActiveCfg = Release|Any CPU
		{FDCF5AF4-C2A5-4E56-8CD6-E352D9B782CA}.Release|Any CPU.Build.0 = Release|Any CPU
		{6E77804E-8057-4AB4-90E4-C5715A7DE4EE}.Debug|Any CPU.ActiveCfg = Debug|Any CPU
		{6E77804E-8057-4AB4-90E4-C5715A7DE4EE}.Debug|Any CPU.Build.0 = Debug|Any CPU
		{6E77804E-8057-4AB4-90E4-C5715A7DE4EE}.Release|Any CPU.ActiveCfg = Release|Any CPU
		{6E77804E-8057-4AB4-90E4-C5715A7DE4EE}.Release|Any CPU.Build.0 = Release|Any CPU
	EndGlobalSection
EndGlobal
